{
  "name": "@reciprocity/day-selector",
  "version": "0.0.0",
  "lockfileVersion": 1,
  "requires": true,
  "dependencies": {
    "@reciprocity/bootstrap": {
      "version": "0.5.0",
      "resolved": "https://registry.npmjs.org/@reciprocity/bootstrap/-/bootstrap-0.5.0.tgz",
      "integrity": "sha512-FxfuyY19ibX41igSKby8kqIG6woLZ3aCbNYCRw+P86gS/fECb6fK/gvSMhSD4iEdx8nLgBpCiloKVkyq1tgI1g=="
    },
    "date-fns": {
      "version": "1.30.1",
      "resolved": "https://registry.npmjs.org/date-fns/-/date-fns-1.30.1.tgz",
      "integrity": "sha512-hBSVCvSmWC+QypYObzwGOd9wqdDpOt+0wl0KbU+R+uuZBS1jN8VsD1ss3irQDknRj5NvxiTF6oj/nDRnN/UQNw=="
    },
    "lodash.capitalize": {
      "version": "4.2.1",
      "resolved": "https://registry.npmjs.org/lodash.capitalize/-/lodash.capitalize-4.2.1.tgz",
      "integrity": "sha1-+CbJtOKoUR2E46yinbBeGk87cqk="
    },
    "lodash.clonedeep": {
      "version": "4.5.0",
      "resolved": "https://registry.npmjs.org/lodash.clonedeep/-/lodash.clonedeep-4.5.0.tgz",
      "integrity": "sha1-4j8/nE+Pvd6HJSnBBxhXoIblzO8="
    },
    "lodash.includes": {
      "version": "4.3.0",
      "resolved": "https://registry.npmjs.org/lodash.includes/-/lodash.includes-4.3.0.tgz",
      "integrity": "sha1-YLuYqHy5I8aMoeUTJUgzFISfVT8="
    },
    "lodash.without": {
      "version": "4.4.0",
      "resolved": "https://registry.npmjs.org/lodash.without/-/lodash.without-4.4.0.tgz",
      "integrity": "sha1-PNRXSgC2e643OpS3SHcmQFB7eqw="
    }
  }
}
