{
  "name": "@reciprocity/ellipsis",
  "version": "0.1.0",
  "lockfileVersion": 1,
  "requires": true,
  "dependencies": {
    "@reciprocity/bootstrap": {
      "version": "0.6.0",
      "resolved": "https://registry.npmjs.org/@reciprocity/bootstrap/-/bootstrap-0.6.0.tgz",
      "integrity": "sha512-5kDn3r+xMBtDXFwKXXC+rPTyQnJBWT/cz25He2Ff65ABZmkYFPadgRIrEq4Nq/D004FoLCDDcMiKufHLzikxJg=="
    }
  }
}
