{
  "name": "@reciprocity/loading-spinner",
  "version": "0.1.10",
  "lockfileVersion": 1,
  "requires": true,
  "dependencies": {
    "@reciprocity/bootstrap": {
      "version": "0.2.0",
      "resolved": "https://registry.npmjs.org/@reciprocity/bootstrap/-/bootstrap-0.2.0.tgz",
      "integrity": "sha512-mJ6PKYwsuAzwsVeSIzRogKf0GCQKvmpATbz/WNq1ShWVF2MV3FGb4y4W7F9wKz9Q1W7DUnFXuCn4b/Gx/F2mBw=="
    }
  }
}
