{
  "name": "@reciprocity/color-picker",
  "version": "0.1.6",
  "lockfileVersion": 1,
  "requires": true,
  "dependencies": {
    "@reciprocity/bootstrap": {
      "version": "0.6.0"
    },
    "@simonwep/pickr": {
      "version": "1.2.7",
      "resolved": "https://registry.npmjs.org/@simonwep/pickr/-/pickr-1.2.7.tgz",
      "integrity": "sha512-HorVCaAnSjNXy1q4bT4DpgZAtIouCBBWzHYX4WAyxrR4YolFhxAMMpWL2QNcc8wMVrDcvcQCevTSfGYyjzxfwQ=="
    }
  }
}
