{
  "name": "@reciprocity/multiselect",
  "version": "0.3.1",
  "lockfileVersion": 1,
  "requires": true,
  "dependencies": {
    "@reciprocity/bootstrap": {
      "version": "0.8.0",
      "resolved": "https://registry.npmjs.org/@reciprocity/bootstrap/-/bootstrap-0.8.0.tgz",
      "integrity": "sha512-LUR21ByvnyBPp/l+/emfgHhtSFBvkjVuMSu7e8YEWs4Kr7iXE98BO/z43svn/S51+IiVuib5WMMRvCPnTppePA=="
    },
    "bootstrap": {
      "version": "4.3.1",
      "resolved": "https://registry.npmjs.org/bootstrap/-/bootstrap-4.3.1.tgz",
      "integrity": "sha512-rXqOmH1VilAt2DyPzluTi2blhk17bO7ef+zLLPlWvG494pDxcM234pJ8wTc/6R40UWizAIIMgxjvxZg5kmsbag=="
    },
    "lodash.isobject": {
      "version": "3.0.2",
      "resolved": "https://registry.npmjs.org/lodash.isobject/-/lodash.isobject-3.0.2.tgz",
      "integrity": "sha1-PI+41bW/S/kK4G4U8qUwpO2TXh0="
    },
    "vue-multiselect": {
      "version": "2.1.6",
      "resolved": "https://registry.npmjs.org/vue-multiselect/-/vue-multiselect-2.1.6.tgz",
      "integrity": "sha512-s7jmZPlm9FeueJg1RwJtnE9KNPtME/7C8uRWSfp9/yEN4M8XcS/d+bddoyVwVnvFyRh9msFo0HWeW0vTL8Qv+w=="
    },
    "vue-resize-observer": {
      "version": "1.0.32",
      "resolved": "https://registry.npmjs.org/vue-resize-observer/-/vue-resize-observer-1.0.32.tgz",
      "integrity": "sha512-Hz1xigu7RmEf4/7eO6Z7OhbYhaTJo87rEZu5XbzbvHn3+MUTMJe/FCtSowe+rwBc7WaPsKcxDp3izMIDUXe5Eg=="
    }
  }
}
