{
  "name": "@reciprocity/multiselect",
  "version": "0.5.2",
  "lockfileVersion": 1,
  "requires": true,
  "dependencies": {
    "bootstrap": {
      "version": "4.3.1",
      "resolved": "https://registry.npmjs.org/bootstrap/-/bootstrap-4.3.1.tgz",
      "integrity": "sha512-rXqOmH1VilAt2DyPzluTi2blhk17bO7ef+zLLPlWvG494pDxcM234pJ8wTc/6R40UWizAIIMgxjvxZg5kmsbag=="
    },
    "lodash.isobject": {
      "version": "3.0.2",
      "resolved": "https://registry.npmjs.org/lodash.isobject/-/lodash.isobject-3.0.2.tgz",
      "integrity": "sha1-PI+41bW/S/kK4G4U8qUwpO2TXh0="
    },
    "vue-multiselect": {
      "version": "github:reciprocity/vue-multiselect#630770025f3fa123a6b94545df56a7d198f921c2",
      "from": "github:reciprocity/vue-multiselect#6307700"
    },
    "vue-resize-observer": {
      "version": "1.0.32",
      "resolved": "https://registry.npmjs.org/vue-resize-observer/-/vue-resize-observer-1.0.32.tgz",
      "integrity": "sha512-Hz1xigu7RmEf4/7eO6Z7OhbYhaTJo87rEZu5XbzbvHn3+MUTMJe/FCtSowe+rwBc7WaPsKcxDp3izMIDUXe5Eg=="
    }
  }
}
