{
  "name": "@reciprocity/file-dropzone",
  "version": "0.1.6",
  "lockfileVersion": 1,
  "requires": true,
  "dependencies": {
    "@fortawesome/fontawesome-common-types": {
      "version": "0.2.31",
      "resolved": "https://npm.fontawesome.com/@fortawesome/fontawesome-common-types/-/0.2.31/fontawesome-common-types-0.2.31.tgz",
      "integrity": "sha512-xfnPyH6NN5r/h1/qDYoGB0BlHSID902UkQzxR8QsoKDh55KAPr8ruAoie12WQEEQT8lRE2wtV7LoUllJ1HqCag=="
    },
    "@fortawesome/fontawesome-svg-core": {
      "version": "1.2.31",
      "resolved": "https://npm.fontawesome.com/@fortawesome/fontawesome-svg-core/-/1.2.31/fontawesome-svg-core-1.2.31.tgz",
      "integrity": "sha512-lqUWRK+ylHQJG5Kiez4XrAZAfc7snxCc+X59quL3xPfMnxzfyf1lt+/hD7X1ZL4KlzAH2KFzMuEVrolo/rAkog==",
      "requires": {
        "@fortawesome/fontawesome-common-types": "^0.2.31"
      }
    },
    "@fortawesome/pro-light-svg-icons": {
      "version": "5.15.0",
      "resolved": "https://npm.fontawesome.com/@fortawesome/pro-light-svg-icons/-/5.15.0/pro-light-svg-icons-5.15.0.tgz",
      "integrity": "sha512-9pzNKxEMYSihQWbl/GqnNQBM3PUszMKAKWDiRvCN5XoOXrUJnSRxeZdyxrZwzbjKRTnUNKyfGDc2Y2qGUvEOGg==",
      "requires": {
        "@fortawesome/fontawesome-common-types": "^0.2.31"
      }
    },
    "@reciprocity/bootstrap": {
      "version": "0.9.0",
      "resolved": "https://registry.npmjs.org/@reciprocity/bootstrap/-/bootstrap-0.9.0.tgz",
      "integrity": "sha512-nEER7W7gi0GHotBkhtAJZIHgjmyFNS0pauiTdOM6kAT9QJ3eDvpAWf5DrE+xIIo0GQfVop2kwYTgJnmuPy8N/A=="
    },
    "@reciprocity/styles": {
      "version": "0.0.2",
      "resolved": "https://registry.npmjs.org/@reciprocity/styles/-/styles-0.0.2.tgz",
      "integrity": "sha512-JCGdwA++Vw0Rru/pIlUsqS9XwXwjKnwSi0sSdIQpC1y4o7VYHNriIiuO+/wm70c3UtGKMV0wvdZRTDqlGO/i0A=="
    }
  }
}
