{
  "name": "@reciprocity/file-dropzone",
  "version": "0.1.4",
  "lockfileVersion": 1,
  "requires": true,
  "dependencies": {
    "@reciprocity/bootstrap": {
      "version": "0.5.0",
      "resolved": "https://registry.npmjs.org/@reciprocity/bootstrap/-/bootstrap-0.5.0.tgz",
      "integrity": "sha512-FxfuyY19ibX41igSKby8kqIG6woLZ3aCbNYCRw+P86gS/fECb6fK/gvSMhSD4iEdx8nLgBpCiloKVkyq1tgI1g=="
    }
  }
}
