{
  "name": "@reciprocity/tags",
  "version": "0.1.2",
  "lockfileVersion": 1,
  "requires": true,
  "dependencies": {
    "bootstrap": {
      "version": "4.3.1",
      "resolved": "https://registry.npmjs.org/bootstrap/-/bootstrap-4.3.1.tgz",
      "integrity": "sha512-rXqOmH1VilAt2DyPzluTi2blhk17bO7ef+zLLPlWvG494pDxcM234pJ8wTc/6R40UWizAIIMgxjvxZg5kmsbag=="
    },
    "vue-resize-observer": {
      "version": "1.0.32",
      "resolved": "https://registry.npmjs.org/vue-resize-observer/-/vue-resize-observer-1.0.32.tgz",
      "integrity": "sha512-Hz1xigu7RmEf4/7eO6Z7OhbYhaTJo87rEZu5XbzbvHn3+MUTMJe/FCtSowe+rwBc7WaPsKcxDp3izMIDUXe5Eg=="
    }
  }
}
