{
  "name": "@reciprocity/color-input",
  "version": "0.2.8",
  "lockfileVersion": 1,
  "requires": true,
  "dependencies": {
    "@reciprocity/bootstrap": {
      "version": "0.6.0",
      "resolved": "https://registry.npmjs.org/@reciprocity/bootstrap/-/bootstrap-0.6.0.tgz",
      "integrity": "sha512-5kDn3r+xMBtDXFwKXXC+rPTyQnJBWT/cz25He2Ff65ABZmkYFPadgRIrEq4Nq/D004FoLCDDcMiKufHLzikxJg=="
    },
    "@reciprocity/color-picker": {
      "version": "0.1.7",
      "resolved": "https://registry.npmjs.org/@reciprocity/color-picker/-/color-picker-0.1.7.tgz",
      "integrity": "sha512-DQPv627DUcQQxYLuXnozCfDuNzXxp7gqdYZey0l+0yjADZFuKnqpjwc5Abhb5LCoZ6K+tlvSLkxi2icJBVpVqg==",
      "requires": {
        "@reciprocity/bootstrap": "^0.6.0",
        "@simonwep/pickr": "^1.2.7"
      }
    },
    "@simonwep/pickr": {
      "version": "1.2.7",
      "resolved": "https://registry.npmjs.org/@simonwep/pickr/-/pickr-1.2.7.tgz",
      "integrity": "sha512-HorVCaAnSjNXy1q4bT4DpgZAtIouCBBWzHYX4WAyxrR4YolFhxAMMpWL2QNcc8wMVrDcvcQCevTSfGYyjzxfwQ=="
    }
  }
}
